{
  "name": "Project-Alex-Roma-Nick-Eva-",
  "lockfileVersion": 3,
  "requires": true,
  "packages": {
    "": {
      "dependencies": {
        "get": "^1.4.0",
        "pull": "^2.1.1",
        "server.js": "^1.0.0"
      }
    },
    "node_modules/get": {
      "version": "1.4.0",
      "resolved": "https://registry.npmjs.org/get/-/get-1.4.0.tgz",
      "integrity": "sha512-RIEc0E/y2dTo/90Or33BNQzRNW5R1cchwQQgR9JroZkqxrCFeOlU3/u7nAbpteDR7ziFbmeaQtDTJ3s6B/6vtQ==",
      "engines": {
        "node": ">= 0.3.6"
      }
    },
    "node_modules/pull": {
      "version": "2.1.1",
      "resolved": "https://registry.npmjs.org/pull/-/pull-2.1.1.tgz",
      "integrity": "sha512-doWBDnNUBct178HrnMDCf5LR6XrZmGNTHvOvWTlY8IoBOU/Vvqs0lGKYeo7v3kHFFmfcq8HPsl0iWynvjXIySg==",
      "deprecated": "unmaintained",
      "license": "MIT",
      "engines": {
        "node": ">=0.4.12"
      }
    },
    "node_modules/server.js": {
      "version": "1.0.0",
      "resolved": "https://registry.npmjs.org/server.js/-/server.js-1.0.0.tgz",
      "integrity": "sha512-fO4IvzkZ09bBB++XU/gWGuzxJs0OpghSd/34mlW8coMoakLzj/+W5d1pHX+I+7H52GkBKu96UQU0K5vptNjaqg==",
      "license": "ISC"
    }
  }
}
